// !$*UTF8*$!
{
	archiveVersion = 1;
	classes = {
	};
	objectVersion = 50;
	objects = {

/* Begin PBXBuildFile section */
		4034E71923C6C73900BFC381 /* AppDelegate.swift in Sources */ = {isa = PBXBuildFile; fileRef = 4034E71823C6C73900BFC381 /* AppDelegate.swift */; };
		4034E71B23C6C73900BFC381 /* SceneDelegate.swift in Sources */ = {isa = PBXBuildFile; fileRef = 4034E71A23C6C73900BFC381 /* SceneDelegate.swift */; };
		4034E71D23C6C73900BFC381 /* ViewController.swift in Sources */ = {isa = PBXBuildFile; fileRef = 4034E71C23C6C73900BFC381 /* ViewController.swift */; };
		4034E72023C6C73900BFC381 /* Main.storyboard in Resources */ = {isa = PBXBuildFile; fileRef = 4034E71E23C6C73900BFC381 /* Main.storyboard */; };
		4034E72223C6C73B00BFC381 /* Assets.xcassets in Resources */ = {isa = PBXBuildFile; fileRef = 4034E72123C6C73B00BFC381 /* Assets.xcassets */; };
		4034E72523C6C73B00BFC381 /* LaunchScreen.storyboard in Resources */ = {isa = PBXBuildFile; fileRef = 4034E72323C6C73B00BFC381 /* LaunchScreen.storyboard */; };
		4034E73023C6C73B00BFC381 /* BuilderPatternTestTests.swift in Sources */ = {isa = PBXBuildFile; fileRef = 4034E72F23C6C73B00BFC381 /* BuilderPatternTestTests.swift */; };
		4034E73D23C6CE3F00BFC381 /* House.swift in Sources */ = {isa = PBXBuildFile; fileRef = 4034E73C23C6CE3F00BFC381 /* House.swift */; };
		4034E73F23C6CE4D00BFC381 /* HouseBuilder.swift in Sources */ = {isa = PBXBuildFile; fileRef = 4034E73E23C6CE4D00BFC381 /* HouseBuilder.swift */; };
		4034E74123C80FCD00BFC381 /* NewHouseBuilder.swift in Sources */ = {isa = PBXBuildFile; fileRef = 4034E74023C80FCD00BFC381 /* NewHouseBuilder.swift */; };
/* End PBXBuildFile section */

/* Begin PBXContainerItemProxy section */
		4034E72C23C6C73B00BFC381 /* PBXContainerItemProxy */ = {
			isa = PBXContainerItemProxy;
			containerPortal = 4034E70D23C6C73900BFC381 /* Project object */;
			proxyType = 1;
			remoteGlobalIDString = 4034E71423C6C73900BFC381;
			remoteInfo = BuilderPatternTest;
		};
/* End PBXContainerItemProxy section */

/* Begin PBXFileReference section */
		4034E71523C6C73900BFC381 /* BuilderPatternTest.app */ = {isa = PBXFileReference; explicitFileType = wrapper.application; includeInIndex = 0; path = BuilderPatternTest.app; sourceTree = BUILT_PRODUCTS_DIR; };
		4034E71823C6C73900BFC381 /* AppDelegate.swift */ = {isa = PBXFileReference; lastKnownFileType = sourcecode.swift; path = AppDelegate.swift; sourceTree = "<group>"; };
		4034E71A23C6C73900BFC381 /* SceneDelegate.swift */ = {isa = PBXFileReference; lastKnownFileType = sourcecode.swift; path = SceneDelegate.swift; sourceTree = "<group>"; };
		4034E71C23C6C73900BFC381 /* ViewController.swift */ = {isa = PBXFileReference; lastKnownFileType = sourcecode.swift; path = ViewController.swift; sourceTree = "<group>"; };
		4034E71F23C6C73900BFC381 /* Base */ = {isa = PBXFileReference; lastKnownFileType = file.storyboard; name = Base; path = Base.lproj/Main.storyboard; sourceTree = "<group>"; };
		4034E72123C6C73B00BFC381 /* Assets.xcassets */ = {isa = PBXFileReference; lastKnownFileType = folder.assetcatalog; path = Assets.xcassets; sourceTree = "<group>"; };
		4034E72423C6C73B00BFC381 /* Base */ = {isa = PBXFileReference; lastKnownFileType = file.storyboard; name = Base; path = Base.lproj/LaunchScreen.storyboard; sourceTree = "<group>"; };
		4034E72623C6C73B00BFC381 /* Info.plist */ = {isa = PBXFileReference; lastKnownFileType = text.plist.xml; path = Info.plist; sourceTree = "<group>"; };
		4034E72B23C6C73B00BFC381 /* BuilderPatternTestTests.xctest */ = {isa = PBXFileReference; explicitFileType = wrapper.cfbundle; includeInIndex = 0; path = BuilderPatternTestTests.xctest; sourceTree = BUILT_PRODUCTS_DIR; };
		4034E72F23C6C73B00BFC381 /* BuilderPatternTestTests.swift */ = {isa = PBXFileReference; lastKnownFileType = sourcecode.swift; path = BuilderPatternTestTests.swift; sourceTree = "<group>"; };
		4034E73123C6C73B00BFC381 /* Info.plist */ = {isa = PBXFileReference; lastKnownFileType = text.plist.xml; path = Info.plist; sourceTree = "<group>"; };
		4034E73C23C6CE3F00BFC381 /* House.swift */ = {isa = PBXFileReference; lastKnownFileType = sourcecode.swift; path = House.swift; sourceTree = "<group>"; };
		4034E73E23C6CE4D00BFC381 /* HouseBuilder.swift */ = {isa = PBXFileReference; lastKnownFileType = sourcecode.swift; path = HouseBuilder.swift; sourceTree = "<group>"; };
		4034E74023C80FCD00BFC381 /* NewHouseBuilder.swift */ = {isa = PBXFileReference; lastKnownFileType = sourcecode.swift; path = NewHouseBuilder.swift; sourceTree = "<group>"; };
/* End PBXFileReference section */

/* Begin PBXFrameworksBuildPhase section */
		4034E71223C6C73900BFC381 /* Frameworks */ = {
			isa = PBXFrameworksBuildPhase;
			buildActionMask = 2147483647;
			files = (
			);
			runOnlyForDeploymentPostprocessing = 0;
		};
		4034E72823C6C73B00BFC381 /* Frameworks */ = {
			isa = PBXFrameworksBuildPhase;
			buildActionMask = 2147483647;
			files = (
			);
			runOnlyForDeploymentPostprocessing = 0;
		};
/* End PBXFrameworksBuildPhase section */

/* Begin PBXGroup section */
		4034E70C23C6C73900BFC381 = {
			isa = PBXGroup;
			children = (
				4034E71723C6C73900BFC381 /* BuilderPatternTest */,
				4034E72E23C6C73B00BFC381 /* BuilderPatternTestTests */,
				4034E71623C6C73900BFC381 /* Products */,
			);
			sourceTree = "<group>";
		};
		4034E71623C6C73900BFC381 /* Products */ = {
			isa = PBXGroup;
			children = (
				4034E71523C6C73900BFC381 /* BuilderPatternTest.app */,
				4034E72B23C6C73B00BFC381 /* BuilderPatternTestTests.xctest */,
			);
			name = Products;
			sourceTree = "<group>";
		};
		4034E71723C6C73900BFC381 /* BuilderPatternTest */ = {
			isa = PBXGroup;
			children = (
				4034E71823C6C73900BFC381 /* AppDelegate.swift */,
				4034E71A23C6C73900BFC381 /* SceneDelegate.swift */,
				4034E71C23C6C73900BFC381 /* ViewController.swift */,
				4034E73C23C6CE3F00BFC381 /* House.swift */,
				4034E73E23C6CE4D00BFC381 /* HouseBuilder.swift */,
				4034E74023C80FCD00BFC381 /* NewHouseBuilder.swift */,
				4034E71E23C6C73900BFC381 /* Main.storyboard */,
				4034E72123C6C73B00BFC381 /* Assets.xcassets */,
				4034E72323C6C73B00BFC381 /* LaunchScreen.storyboard */,
				4034E72623C6C73B00BFC381 /* Info.plist */,
			);
			path = BuilderPatternTest;
			sourceTree = "<group>";
		};
		4034E72E23C6C73B00BFC381 /* BuilderPatternTestTests */ = {
			isa = PBXGroup;
			children = (
				4034E72F23C6C73B00BFC381 /* BuilderPatternTestTests.swift */,
				4034E73123C6C73B00BFC381 /* Info.plist */,
			);
			path = BuilderPatternTestTests;
			sourceTree = "<group>";
		};
/* End PBXGroup section */

/* Begin PBXNativeTarget section */
		4034E71423C6C73900BFC381 /* BuilderPatternTest */ = {
			isa = PBXNativeTarget;
			buildConfigurationList = 4034E73423C6C73B00BFC381 /* Build configuration list for PBXNativeTarget "BuilderPatternTest" */;
			buildPhases = (
				4034E71123C6C73900BFC381 /* Sources */,
				4034E71223C6C73900BFC381 /* Frameworks */,
				4034E71323C6C73900BFC381 /* Resources */,
			);
			buildRules = (
			);
			dependencies = (
			);
			name = BuilderPatternTest;
			productName = BuilderPatternTest;
			productReference = 4034E71523C6C73900BFC381 /* BuilderPatternTest.app */;
			productType = "com.apple.product-type.application";
		};
		4034E72A23C6C73B00BFC381 /* BuilderPatternTestTests */ = {
			isa = PBXNativeTarget;
			buildConfigurationList = 4034E73723C6C73B00BFC381 /* Build configuration list for PBXNativeTarget "BuilderPatternTestTests" */;
			buildPhases = (
				4034E72723C6C73B00BFC381 /* Sources */,
				4034E72823C6C73B00BFC381 /* Frameworks */,
				4034E72923C6C73B00BFC381 /* Resources */,
			);
			buildRules = (
			);
			dependencies = (
				4034E72D23C6C73B00BFC381 /* PBXTargetDependency */,
			);
			name = BuilderPatternTestTests;
			productName = BuilderPatternTestTests;
			productReference = 4034E72B23C6C73B00BFC381 /* BuilderPatternTestTests.xctest */;
			productType = "com.apple.product-type.bundle.unit-test";
		};
/* End PBXNativeTarget section */

/* Begin PBXProject section */
		4034E70D23C6C73900BFC381 /* Project object */ = {
			isa = PBXProject;
			attributes = {
				LastSwiftUpdateCheck = 1130;
				LastUpgradeCheck = 1130;
				ORGANIZATIONNAME = "羅翊修";
				TargetAttributes = {
					4034E71423C6C73900BFC381 = {
						CreatedOnToolsVersion = 11.3;
					};
					4034E72A23C6C73B00BFC381 = {
						CreatedOnToolsVersion = 11.3;
						TestTargetID = 4034E71423C6C73900BFC381;
					};
				};
			};
			buildConfigurationList = 4034E71023C6C73900BFC381 /* Build configuration list for PBXProject "BuilderPatternTest" */;
			compatibilityVersion = "Xcode 9.3";
			developmentRegion = en;
			hasScannedForEncodings = 0;
			knownRegions = (
				en,
				Base,
			);
			mainGroup = 4034E70C23C6C73900BFC381;
			productRefGroup = 4034E71623C6C73900BFC381 /* Products */;
			projectDirPath = "";
			projectRoot = "";
			targets = (
				4034E71423C6C73900BFC381 /* BuilderPatternTest */,
				4034E72A23C6C73B00BFC381 /* BuilderPatternTestTests */,
			);
		};
/* End PBXProject section */

/* Begin PBXResourcesBuildPhase section */
		4034E71323C6C73900BFC381 /* Resources */ = {
			isa = PBXResourcesBuildPhase;
			buildActionMask = 2147483647;
			files = (
				4034E72523C6C73B00BFC381 /* LaunchScreen.storyboard in Resources */,
				4034E72223C6C73B00BFC381 /* Assets.xcassets in Resources */,
				4034E72023C6C73900BFC381 /* Main.storyboard in Resources */,
			);
			runOnlyForDeploymentPostprocessing = 0;
		};
		4034E72923C6C73B00BFC381 /* Resources */ = {
			isa = PBXResourcesBuildPhase;
			buildActionMask = 2147483647;
			files = (
			);
			runOnlyForDeploymentPostprocessing = 0;
		};
/* End PBXResourcesBuildPhase section */

/* Begin PBXSourcesBuildPhase section */
		4034E71123C6C73900BFC381 /* Sources */ = {
			isa = PBXSourcesBuildPhase;
			buildActionMask = 2147483647;
			files = (
				4034E73F23C6CE4D00BFC381 /* HouseBuilder.swift in Sources */,
				4034E71D23C6C73900BFC381 /* ViewController.swift in Sources */,
				4034E71923C6C73900BFC381 /* AppDelegate.swift in Sources */,
				4034E74123C80FCD00BFC381 /* NewHouseBuilder.swift in Sources */,
				4034E73D23C6CE3F00BFC381 /* House.swift in Sources */,
				4034E71B23C6C73900BFC381 /* SceneDelegate.swift in Sources */,
			);
			runOnlyForDeploymentPostprocessing = 0;
		};
		4034E72723C6C73B00BFC381 /* Sources */ = {
			isa = PBXSourcesBuildPhase;
			buildActionMask = 2147483647;
			files = (
				4034E73023C6C73B00BFC381 /* BuilderPatternTestTests.swift in Sources */,
			);
			runOnlyForDeploymentPostprocessing = 0;
		};
/* End PBXSourcesBuildPhase section */

/* Begin PBXTargetDependency section */
		4034E72D23C6C73B00BFC381 /* PBXTargetDependency */ = {
			isa = PBXTargetDependency;
			target = 4034E71423C6C73900BFC381 /* BuilderPatternTest */;
			targetProxy = 4034E72C23C6C73B00BFC381 /* PBXContainerItemProxy */;
		};
/* End PBXTargetDependency section */

/* Begin PBXVariantGroup section */
		4034E71E23C6C73900BFC381 /* Main.storyboard */ = {
			isa = PBXVariantGroup;
			children = (
				4034E71F23C6C73900BFC381 /* Base */,
			);
			name = Main.storyboard;
			sourceTree = "<group>";
		};
		4034E72323C6C73B00BFC381 /* LaunchScreen.storyboard */ = {
			isa = PBXVariantGroup;
			children = (
				4034E72423C6C73B00BFC381 /* Base */,
			);
			name = LaunchScreen.storyboard;
			sourceTree = "<group>";
		};
/* End PBXVariantGroup section */

/* Begin XCBuildConfiguration section */
		4034E73223C6C73B00BFC381 /* Debug */ = {
			isa = XCBuildConfiguration;
			buildSettings = {
				ALWAYS_SEARCH_USER_PATHS = NO;
				CLANG_ANALYZER_NONNULL = YES;
				CLANG_ANALYZER_NUMBER_OBJECT_CONVERSION = YES_AGGRESSIVE;
				CLANG_CXX_LANGUAGE_STANDARD = "gnu++14";
				CLANG_CXX_LIBRARY = "libc++";
				CLANG_ENABLE_MODULES = YES;
				CLANG_ENABLE_OBJC_ARC = YES;
				CLANG_ENABLE_OBJC_WEAK = YES;
				CLANG_WARN_BLOCK_CAPTURE_AUTORELEASING = YES;
				CLANG_WARN_BOOL_CONVERSION = YES;
				CLANG_WARN_COMMA = YES;
				CLANG_WARN_CONSTANT_CONVERSION = YES;
				CLANG_WARN_DEPRECATED_OBJC_IMPLEMENTATIONS = YES;
				CLANG_WARN_DIRECT_OBJC_ISA_USAGE = YES_ERROR;
				CLANG_WARN_DOCUMENTATION_COMMENTS = YES;
				CLANG_WARN_EMPTY_BODY = YES;
				CLANG_WARN_ENUM_CONVERSION = YES;
				CLANG_WARN_INFINITE_RECURSION = YES;
				CLANG_WARN_INT_CONVERSION = YES;
				CLANG_WARN_NON_LITERAL_NULL_CONVERSION = YES;
				CLANG_WARN_OBJC_IMPLICIT_RETAIN_SELF = YES;
				CLANG_WARN_OBJC_LITERAL_CONVERSION = YES;
				CLANG_WARN_OBJC_ROOT_CLASS = YES_ERROR;
				CLANG_WARN_RANGE_LOOP_ANALYSIS = YES;
				CLANG_WARN_STRICT_PROTOTYPES = YES;
				CLANG_WARN_SUSPICIOUS_MOVE = YES;
				CLANG_WARN_UNGUARDED_AVAILABILITY = YES_AGGRESSIVE;
				CLANG_WARN_UNREACHABLE_CODE = YES;
				CLANG_WARN__DUPLICATE_METHOD_MATCH = YES;
				COPY_PHASE_STRIP = NO;
				DEBUG_INFORMATION_FORMAT = dwarf;
				ENABLE_STRICT_OBJC_MSGSEND = YES;
				ENABLE_TESTABILITY = YES;
				GCC_C_LANGUAGE_STANDARD = gnu11;
				GCC_DYNAMIC_NO_PIC = NO;
				GCC_NO_COMMON_BLOCKS = YES;
				GCC_OPTIMIZATION_LEVEL = 0;
				GCC_PREPROCESSOR_DEFINITIONS = (
					"DEBUG=1",
					"$(inherited)",
				);
				GCC_WARN_64_TO_32_BIT_CONVERSION = YES;
				GCC_WARN_ABOUT_RETURN_TYPE = YES_ERROR;
				GCC_WARN_UNDECLARED_SELECTOR = YES;
				GCC_WARN_UNINITIALIZED_AUTOS = YES_AGGRESSIVE;
				GCC_WARN_UNUSED_FUNCTION = YES;
				GCC_WARN_UNUSED_VARIABLE = YES;
				IPHONEOS_DEPLOYMENT_TARGET = 13.2;
				MTL_ENABLE_DEBUG_INFO = INCLUDE_SOURCE;
				MTL_FAST_MATH = YES;
				ONLY_ACTIVE_ARCH = YES;
				SDKROOT = iphoneos;
				SWIFT_ACTIVE_COMPILATION_CONDITIONS = DEBUG;
				SWIFT_OPTIMIZATION_LEVEL = "-Onone";
			};
			name = Debug;
		};
		4034E73323C6C73B00BFC381 /* Release */ = {
			isa = XCBuildConfiguration;
			buildSettings = {
				ALWAYS_SEARCH_USER_PATHS = NO;
				CLANG_ANALYZER_NONNULL = YES;
				CLANG_ANALYZER_NUMBER_OBJECT_CONVERSION = YES_AGGRESSIVE;
				CLANG_CXX_LANGUAGE_STANDARD = "gnu++14";
				CLANG_CXX_LIBRARY = "libc++";
				CLANG_ENABLE_MODULES = YES;
				CLANG_ENABLE_OBJC_ARC = YES;
				CLANG_ENABLE_OBJC_WEAK = YES;
				CLANG_WARN_BLOCK_CAPTURE_AUTORELEASING = YES;
				CLANG_WARN_BOOL_CONVERSION = YES;
				CLANG_WARN_COMMA = YES;
				CLANG_WARN_CONSTANT_CONVERSION = YES;
				CLANG_WARN_DEPRECATED_OBJC_IMPLEMENTATIONS = YES;
				CLANG_WARN_DIRECT_OBJC_ISA_USAGE = YES_ERROR;
				CLANG_WARN_DOCUMENTATION_COMMENTS = YES;
				CLANG_WARN_EMPTY_BODY = YES;
				CLANG_WARN_ENUM_CONVERSION = YES;
				CLANG_WARN_INFINITE_RECURSION = YES;
				CLANG_WARN_INT_CONVERSION = YES;
				CLANG_WARN_NON_LITERAL_NULL_CONVERSION = YES;
				CLANG_WARN_OBJC_IMPLICIT_RETAIN_SELF = YES;
				CLANG_WARN_OBJC_LITERAL_CONVERSION = YES;
				CLANG_WARN_OBJC_ROOT_CLASS = YES_ERROR;
				CLANG_WARN_RANGE_LOOP_ANALYSIS = YES;
				CLANG_WARN_STRICT_PROTOTYPES = YES;
				CLANG_WARN_SUSPICIOUS_MOVE = YES;
				CLANG_WARN_UNGUARDED_AVAILABILITY = YES_AGGRESSIVE;
				CLANG_WARN_UNREACHABLE_CODE = YES;
				CLANG_WARN__DUPLICATE_METHOD_MATCH = YES;
				COPY_PHASE_STRIP = NO;
				DEBUG_INFORMATION_FORMAT = "dwarf-with-dsym";
				ENABLE_NS_ASSERTIONS = NO;
				ENABLE_STRICT_OBJC_MSGSEND = YES;
				GCC_C_LANGUAGE_STANDARD = gnu11;
				GCC_NO_COMMON_BLOCKS = YES;
				GCC_WARN_64_TO_32_BIT_CONVERSION = YES;
				GCC_WARN_ABOUT_RETURN_TYPE = YES_ERROR;
				GCC_WARN_UNDECLARED_SELECTOR = YES;
				GCC_WARN_UNINITIALIZED_AUTOS = YES_AGGRESSIVE;
				GCC_WARN_UNUSED_FUNCTION = YES;
				GCC_WARN_UNUSED_VARIABLE = YES;
				IPHONEOS_DEPLOYMENT_TARGET = 13.2;
				MTL_ENABLE_DEBUG_INFO = NO;
				MTL_FAST_MATH = YES;
				SDKROOT = iphoneos;
				SWIFT_COMPILATION_MODE = wholemodule;
				SWIFT_OPTIMIZATION_LEVEL = "-O";
				VALIDATE_PRODUCT = YES;
			};
			name = Release;
		};
		4034E73523C6C73B00BFC381 /* Debug */ = {
			isa = XCBuildConfiguration;
			buildSettings = {
				ASSETCATALOG_COMPILER_APPICON_NAME = AppIcon;
				CODE_SIGN_STYLE = Automatic;
				INFOPLIST_FILE = BuilderPatternTest/Info.plist;
				LD_RUNPATH_SEARCH_PATHS = (
					"$(inherited)",
					"@executable_path/Frameworks",
				);
				PRODUCT_BUNDLE_IDENTIFIER = com.KevinLo.BuilderPatternTest;
				PRODUCT_NAME = "$(TARGET_NAME)";
				SWIFT_VERSION = 5.0;
				TARGETED_DEVICE_FAMILY = "1,2";
			};
			name = Debug;
		};
		4034E73623C6C73B00BFC381 /* Release */ = {
			isa = XCBuildConfiguration;
			buildSettings = {
				ASSETCATALOG_COMPILER_APPICON_NAME = AppIcon;
				CODE_SIGN_STYLE = Automatic;
				INFOPLIST_FILE = BuilderPatternTest/Info.plist;
				LD_RUNPATH_SEARCH_PATHS = (
					"$(inherited)",
					"@executable_path/Frameworks",
				);
				PRODUCT_BUNDLE_IDENTIFIER = com.KevinLo.BuilderPatternTest;
				PRODUCT_NAME = "$(TARGET_NAME)";
				SWIFT_VERSION = 5.0;
				TARGETED_DEVICE_FAMILY = "1,2";
			};
			name = Release;
		};
		4034E73823C6C73B00BFC381 /* Debug */ = {
			isa = XCBuildConfiguration;
			buildSettings = {
				ALWAYS_EMBED_SWIFT_STANDARD_LIBRARIES = YES;
				BUNDLE_LOADER = "$(TEST_HOST)";
				CODE_SIGN_STYLE = Automatic;
				INFOPLIST_FILE = BuilderPatternTestTests/Info.plist;
				IPHONEOS_DEPLOYMENT_TARGET = 13.2;
				LD_RUNPATH_SEARCH_PATHS = (
					"$(inherited)",
					"@executable_path/Frameworks",
					"@loader_path/Frameworks",
				);
				PRODUCT_BUNDLE_IDENTIFIER = com.KevinLo.BuilderPatternTestTests;
				PRODUCT_NAME = "$(TARGET_NAME)";
				SWIFT_VERSION = 5.0;
				TARGETED_DEVICE_FAMILY = "1,2";
				TEST_HOST = "$(BUILT_PRODUCTS_DIR)/BuilderPatternTest.app/BuilderPatternTest";
			};
			name = Debug;
		};
		4034E73923C6C73B00BFC381 /* Release */ = {
			isa = XCBuildConfiguration;
			buildSettings = {
				ALWAYS_EMBED_SWIFT_STANDARD_LIBRARIES = YES;
				BUNDLE_LOADER = "$(TEST_HOST)";
				CODE_SIGN_STYLE = Automatic;
				INFOPLIST_FILE = BuilderPatternTestTests/Info.plist;
				IPHONEOS_DEPLOYMENT_TARGET = 13.2;
				LD_RUNPATH_SEARCH_PATHS = (
					"$(inherited)",
					"@executable_path/Frameworks",
					"@loader_path/Frameworks",
				);
				PRODUCT_BUNDLE_IDENTIFIER = com.KevinLo.BuilderPatternTestTests;
				PRODUCT_NAME = "$(TARGET_NAME)";
				SWIFT_VERSION = 5.0;
				TARGETED_DEVICE_FAMILY = "1,2";
				TEST_HOST = "$(BUILT_PRODUCTS_DIR)/BuilderPatternTest.app/BuilderPatternTest";
			};
			name = Release;
		};
/* End XCBuildConfiguration section */

/* Begin XCConfigurationList section */
		4034E71023C6C73900BFC381 /* Build configuration list for PBXProject "BuilderPatternTest" */ = {
			isa = XCConfigurationList;
			buildConfigurations = (
				4034E73223C6C73B00BFC381 /* Debug */,
				4034E73323C6C73B00BFC381 /* Release */,
			);
			defaultConfigurationIsVisible = 0;
			defaultConfigurationName = Release;
		};
		4034E73423C6C73B00BFC381 /* Build configuration list for PBXNativeTarget "BuilderPatternTest" */ = {
			isa = XCConfigurationList;
			buildConfigurations = (
				4034E73523C6C73B00BFC381 /* Debug */,
				4034E73623C6C73B00BFC381 /* Release */,
			);
			defaultConfigurationIsVisible = 0;
			defaultConfigurationName = Release;
		};
		4034E73723C6C73B00BFC381 /* Build configuration list for PBXNativeTarget "BuilderPatternTestTests" */ = {
			isa = XCConfigurationList;
			buildConfigurations = (
				4034E73823C6C73B00BFC381 /* Debug */,
				4034E73923C6C73B00BFC381 /* Release */,
			);
			defaultConfigurationIsVisible = 0;
			defaultConfigurationName = Release;
		};
/* End XCConfigurationList section */
	};
	rootObject = 4034E70D23C6C73900BFC381 /* Project object */;
}
